{
  "lockfileVersion": 1,
  "configVersion": 1,
  "workspaces": {
    "": {
      "name": "bun",
      "dependencies": {
        "dayjs": "^1.11.21",
      },
    },
  },
  "packages": {
    "dayjs": ["dayjs@1.11.21", "https://registry.npmmirror.com/dayjs/-/dayjs-1.11.21.tgz", {}, "sha512-98IT+HOahAisibz/yjKbzuOBwYcjJ7BCLPzARyHiyEBmRz4fatF+KPJszEHXsGYjUG234aH/cOjW1wwTbKUZlA=="],
  }
}
